
Microsoft Visual Studio Solution File, Format Version 12.00
# Visual Studio 15
VisualStudioVersion = 15.0.26430.12
MinimumVisualStudioVersion = 10.0.40219.1
Project("{FAE04EC0-301F-11D3-BF4B-00C04F79EFBC}") = "EmployeeBenefits", "EmployeeBenefits\EmployeeBenefits.csproj", "{98A71361-4E5B-498B-A677-4C2375DDD35E}"
EndProject
Project("{FAE04EC0-301F-11D3-BF4B-00C04F79EFBC}") = "EmployeeBenefits.Tests", "EmployeeBenefits.Tests\EmployeeBenefits.Tests.csproj", "{404A5152-43D9-4B08-8102-B3149D899C01}"
EndProject
Global
	GlobalSection(SolutionConfigurationPlatforms) = preSolution
		Debug|Any CPU = Debug|Any CPU
		Release|Any CPU = Release|Any CPU
	EndGlobalSection
	GlobalSection(ProjectConfigurationPlatforms) = postSolution
		{98A71361-4E5B-498B-A677-4C2375DDD35E}.Debug|Any CPU.ActiveCfg = Debug|Any CPU
		{98A71361-4E5B-498B-A677-4C2375DDD35E}.Debug|Any CPU.Build.0 = Debug|Any CPU
		{98A71361-4E5B-498B-A677-4C2375DDD35E}.Release|Any CPU.ActiveCfg = Release|Any CPU
		{98A71361-4E5B-498B-A677-4C2375DDD35E}.Release|Any CPU.Build.0 = Release|Any CPU
		{404A5152-43D9-4B08-8102-B3149D899C01}.Debug|Any CPU.ActiveCfg = Debug|Any CPU
		{404A5152-43D9-4B08-8102-B3149D899C01}.Debug|Any CPU.Build.0 = Debug|Any CPU
		{404A5152-43D9-4B08-8102-B3149D899C01}.Release|Any CPU.ActiveCfg = Release|Any CPU
		{404A5152-43D9-4B08-8102-B3149D899C01}.Release|Any CPU.Build.0 = Release|Any CPU
	EndGlobalSection
	GlobalSection(SolutionProperties) = preSolution
		HideSolutionNode = FALSE
	EndGlobalSection
	GlobalSection(TeamFoundationVersionControl) = preSolution
		SccNumberOfProjects = 3
		SccEnterpriseProvider = {4CA58AB2-18FA-4F8D-95D4-32DDF27D184C}
		SccTeamFoundationServer = https://jjustice1589.visualstudio.com/
		SccLocalPath0 = .
		SccProjectUniqueName1 = EmployeeBenefits.Tests\\EmployeeBenefits.Tests.csproj
		SccProjectName1 = EmployeeBenefits.Tests
		SccLocalPath1 = EmployeeBenefits.Tests
		SccProjectUniqueName2 = EmployeeBenefits\\EmployeeBenefits.csproj
		SccProjectName2 = EmployeeBenefits
		SccLocalPath2 = EmployeeBenefits
	EndGlobalSection
EndGlobal
